<?xml version="1.0" encoding="utf-8"?>
<Project ToolsVersion="4.0" xmlns="http://schemas.microsoft.com/developer/msbuild/2003">
  <ItemGroup>
    <Filter Include="Source Files">
      <UniqueIdentifier>{4FC737F1-C7A5-4376-A066-2A32D752A2FF}</UniqueIdentifier>
      <Extensions>cpp;c;cc;cxx;c++;cppm;ixx;def;odl;idl;hpj;bat;asm;asmx</Extensions>
    </Filter>
    <Filter Include="Header Files">
      <UniqueIdentifier>{93995380-89BD-4b04-88EB-625FBE52EBFB}</UniqueIdentifier>
      <Extensions>h;hh;hpp;hxx;h++;hm;inl;inc;ipp;xsd</Extensions>
    </Filter>
    <Filter Include="Resource Files">
      <UniqueIdentifier>{67DA6AB6-F800-4c08-8B7A-83BB121AAD01}</UniqueIdentifier>
      <Extensions>rc;ico;cur;bmp;dlg;rc2;rct;bin;rgs;gif;jpg;jpeg;jpe;resx;tiff;tif;png;wav;mfcribbon-ms</Extensions>
    </Filter>
    <Filter Include="Source Files\GameComponent">
      <UniqueIdentifier>{c455e2f2-889c-4d00-8dc9-baac49820fab}</UniqueIdentifier>
    </Filter>
    <Filter Include="Source Files\GameObject">
      <UniqueIdentifier>{036f4fcf-191c-4bf5-ad91-97cdccd9d256}</UniqueIdentifier>
    </Filter>
    <Filter Include="Source Files\GameObject\Mario">
      <UniqueIdentifier>{9092f6d5-002b-4c11-b45d-9902c49b6c91}</UniqueIdentifier>
    </Filter>
    <Filter Include="Source Files\GameObject\Brick">
      <UniqueIdentifier>{acaf1e74-6b30-4ab4-a33d-18420d3c6fce}</UniqueIdentifier>
    </Filter>
    <Filter Include="Source Files\GameObject\Map">
      <UniqueIdentifier>{367d061a-9f45-420f-a57c-3b062dc53de4}</UniqueIdentifier>
    </Filter>
  </ItemGroup>
  <ItemGroup>
    <ClCompile Include="main.cpp">
      <Filter>Source Files</Filter>
    </ClCompile>
    <ClCompile Include="Game.cpp">
      <Filter>Source Files\GameComponent</Filter>
    </ClCompile>
    <ClCompile Include="debug.cpp">
      <Filter>Source Files\GameComponent</Filter>
    </ClCompile>
    <ClCompile Include="GameObject.cpp">
      <Filter>Source Files\GameComponent</Filter>
    </ClCompile>
    <ClCompile Include="GameLoop.cpp">
      <Filter>Source Files\GameComponent</Filter>
    </ClCompile>
    <ClCompile Include="Mario.cpp">
      <Filter>Source Files\GameObject\Mario</Filter>
    </ClCompile>
    <ClCompile Include="Animation.cpp">
      <Filter>Source Files\GameComponent</Filter>
    </ClCompile>
    <ClCompile Include="Sprite.cpp">
      <Filter>Source Files\GameComponent</Filter>
    </ClCompile>
    <ClCompile Include="Sprites.cpp">
      <Filter>Source Files\GameComponent</Filter>
    </ClCompile>
    <ClCompile Include="Animations.cpp">
      <Filter>Source Files\GameComponent</Filter>
    </ClCompile>
    <ClCompile Include="Textures.cpp">
      <Filter>Source Files\GameComponent</Filter>
    </ClCompile>
    <ClCompile Include="SampleKeyHandler.cpp">
      <Filter>Source Files\GameComponent</Filter>
    </ClCompile>
    <ClCompile Include="Brick.cpp">
      <Filter>Source Files\GameObject\Brick</Filter>
    </ClCompile>
    <ClCompile Include="Collision.cpp">
      <Filter>Source Files\GameComponent</Filter>
    </ClCompile>
    <ClCompile Include="Coin.cpp">
      <Filter>Source Files\GameObject\Brick</Filter>
    </ClCompile>
    <ClCompile Include="Box.cpp">
      <Filter>Source Files\GameObject\Brick</Filter>
    </ClCompile>
    <ClCompile Include="Map.cpp">
      <Filter>Source Files\GameObject\Map</Filter>
    </ClCompile>
  </ItemGroup>
  <ItemGroup>
    <None Include="packages.config" />
  </ItemGroup>
  <ItemGroup>
    <ClInclude Include="Game.h">
      <Filter>Source Files\GameComponent</Filter>
    </ClInclude>
    <ClInclude Include="debug.h">
      <Filter>Source Files\GameComponent</Filter>
    </ClInclude>
    <ClInclude Include="GameObject.h">
      <Filter>Source Files\GameComponent</Filter>
    </ClInclude>
    <ClInclude Include="Texture.h">
      <Filter>Source Files\GameComponent</Filter>
    </ClInclude>
    <ClInclude Include="GameLoop.h">
      <Filter>Source Files\GameComponent</Filter>
    </ClInclude>
    <ClInclude Include="Mario.h">
      <Filter>Source Files\GameObject\Mario</Filter>
    </ClInclude>
    <ClInclude Include="Animation.h">
      <Filter>Source Files\GameComponent</Filter>
    </ClInclude>
    <ClInclude Include="Sprite.h">
      <Filter>Source Files\GameComponent</Filter>
    </ClInclude>
    <ClInclude Include="Sprites.h">
      <Filter>Source Files\GameComponent</Filter>
    </ClInclude>
    <ClInclude Include="AnimationFrame.h">
      <Filter>Source Files\GameComponent</Filter>
    </ClInclude>
    <ClInclude Include="Animations.h">
      <Filter>Source Files\GameComponent</Filter>
    </ClInclude>
    <ClInclude Include="Textures.h">
      <Filter>Source Files\GameComponent</Filter>
    </ClInclude>
    <ClInclude Include="KeyEventHandler.h">
      <Filter>Source Files\GameComponent</Filter>
    </ClInclude>
    <ClInclude Include="SampleKeyHandler.h">
      <Filter>Source Files\GameComponent</Filter>
    </ClInclude>
    <ClInclude Include="Brick.h">
      <Filter>Source Files\GameObject\Brick</Filter>
    </ClInclude>
    <ClInclude Include="Collision.h">
      <Filter>Source Files\GameComponent</Filter>
    </ClInclude>
    <ClInclude Include="AssetIDs.h">
      <Filter>Source Files\GameComponent</Filter>
    </ClInclude>
    <ClInclude Include="Coin.h">
      <Filter>Source Files\GameObject\Brick</Filter>
    </ClInclude>
    <ClInclude Include="Box.h">
      <Filter>Source Files\GameObject\Brick</Filter>
    </ClInclude>
    <ClInclude Include="Map.h">
      <Filter>Source Files\GameObject\Map</Filter>
    </ClInclude>
  </ItemGroup>
</Project>